
Microsoft Visual Studio Solution File, Format Version 12.00
# Visual Studio 15
VisualStudioVersion = 15.0.27703.2047
MinimumVisualStudioVersion = 10.0.40219.1
Project("{FAE04EC0-301F-11D3-BF4B-00C04F79EFBC}") = "TennisAppV2.Android", "TennisAppV2\TennisAppV2.Android\TennisAppV2.Android.csproj", "{C3C17F37-6475-4273-9DE3-8FDA1B3AE8F1}"
EndProject
Project("{FAE04EC0-301F-11D3-BF4B-00C04F79EFBC}") = "TennisAppV2.iOS", "TennisAppV2\TennisAppV2.iOS\TennisAppV2.iOS.csproj", "{F78FD5C2-F7A5-46EA-98C2-975450AED541}"
EndProject
Project("{FAE04EC0-301F-11D3-BF4B-00C04F79EFBC}") = "TennisAppV2", "TennisAppV2\TennisAppV2\TennisAppV2.csproj", "{80E0B158-558B-4F6D-BFF5-95EC98F451BE}"
EndProject
Global
	GlobalSection(SolutionConfigurationPlatforms) = preSolution
		Ad-Hoc|Any CPU = Ad-Hoc|Any CPU
		Ad-Hoc|iPhone = Ad-Hoc|iPhone
		Ad-Hoc|iPhoneSimulator = Ad-Hoc|iPhoneSimulator
		AppStore|Any CPU = AppStore|Any CPU
		AppStore|iPhone = AppStore|iPhone
		AppStore|iPhoneSimulator = AppStore|iPhoneSimulator
		Debug|Any CPU = Debug|Any CPU
		Debug|iPhone = Debug|iPhone
		Debug|iPhoneSimulator = Debug|iPhoneSimulator
		Release|Any CPU = Release|Any CPU
		Release|iPhone = Release|iPhone
		Release|iPhoneSimulator = Release|iPhoneSimulator
	EndGlobalSection
	GlobalSection(ProjectConfigurationPlatforms) = postSolution
		{C3C17F37-6475-4273-9DE3-8FDA1B3AE8F1}.Ad-Hoc|Any CPU.ActiveCfg = Release|Any CPU
		{C3C17F37-6475-4273-9DE3-8FDA1B3AE8F1}.Ad-Hoc|Any CPU.Build.0 = Release|Any CPU
		{C3C17F37-6475-4273-9DE3-8FDA1B3AE8F1}.Ad-Hoc|Any CPU.Deploy.0 = Release|Any CPU
		{C3C17F37-6475-4273-9DE3-8FDA1B3AE8F1}.Ad-Hoc|iPhone.ActiveCfg = Release|Any CPU
		{C3C17F37-6475-4273-9DE3-8FDA1B3AE8F1}.Ad-Hoc|iPhone.Build.0 = Release|Any CPU
		{C3C17F37-6475-4273-9DE3-8FDA1B3AE8F1}.Ad-Hoc|iPhone.Deploy.0 = Release|Any CPU
		{C3C17F37-6475-4273-9DE3-8FDA1B3AE8F1}.Ad-Hoc|iPhoneSimulator.ActiveCfg = Release|Any CPU
		{C3C17F37-6475-4273-9DE3-8FDA1B3AE8F1}.Ad-Hoc|iPhoneSimulator.Build.0 = Release|Any CPU
		{C3C17F37-6475-4273-9DE3-8FDA1B3AE8F1}.Ad-Hoc|iPhoneSimulator.Deploy.0 = Release|Any CPU
		{C3C17F37-6475-4273-9DE3-8FDA1B3AE8F1}.AppStore|Any CPU.ActiveCfg = Release|Any CPU
		{C3C17F37-6475-4273-9DE3-8FDA1B3AE8F1}.AppStore|Any CPU.Build.0 = Release|Any CPU
		{C3C17F37-6475-4273-9DE3-8FDA1B3AE8F1}.AppStore|Any CPU.Deploy.0 = Release|Any CPU
		{C3C17F37-6475-4273-9DE3-8FDA1B3AE8F1}.AppStore|iPhone.ActiveCfg = Release|Any CPU
		{C3C17F37-6475-4273-9DE3-8FDA1B3AE8F1}.AppStore|iPhone.Build.0 = Release|Any CPU
		{C3C17F37-6475-4273-9DE3-8FDA1B3AE8F1}.AppStore|iPhone.Deploy.0 = Release|Any CPU
		{C3C17F37-6475-4273-9DE3-8FDA1B3AE8F1}.AppStore|iPhoneSimulator.ActiveCfg = Release|Any CPU
		{C3C17F37-6475-4273-9DE3-8FDA1B3AE8F1}.AppStore|iPhoneSimulator.Build.0 = Release|Any CPU
		{C3C17F37-6475-4273-9DE3-8FDA1B3AE8F1}.AppStore|iPhoneSimulator.Deploy.0 = Release|Any CPU
		{C3C17F37-6475-4273-9DE3-8FDA1B3AE8F1}.Debug|Any CPU.ActiveCfg = Debug|Any CPU
		{C3C17F37-6475-4273-9DE3-8FDA1B3AE8F1}.Debug|Any CPU.Build.0 = Debug|Any CPU
		{C3C17F37-6475-4273-9DE3-8FDA1B3AE8F1}.Debug|Any CPU.Deploy.0 = Debug|Any CPU
		{C3C17F37-6475-4273-9DE3-8FDA1B3AE8F1}.Debug|iPhone.ActiveCfg = Debug|Any CPU
		{C3C17F37-6475-4273-9DE3-8FDA1B3AE8F1}.Debug|iPhone.Build.0 = Debug|Any CPU
		{C3C17F37-6475-4273-9DE3-8FDA1B3AE8F1}.Debug|iPhone.Deploy.0 = Debug|Any CPU
		{C3C17F37-6475-4273-9DE3-8FDA1B3AE8F1}.Debug|iPhoneSimulator.ActiveCfg = Debug|Any CPU
		{C3C17F37-6475-4273-9DE3-8FDA1B3AE8F1}.Debug|iPhoneSimulator.Build.0 = Debug|Any CPU
		{C3C17F37-6475-4273-9DE3-8FDA1B3AE8F1}.Debug|iPhoneSimulator.Deploy.0 = Debug|Any CPU
		{C3C17F37-6475-4273-9DE3-8FDA1B3AE8F1}.Release|Any CPU.ActiveCfg = Release|Any CPU
		{C3C17F37-6475-4273-9DE3-8FDA1B3AE8F1}.Release|Any CPU.Build.0 = Release|Any CPU
		{C3C17F37-6475-4273-9DE3-8FDA1B3AE8F1}.Release|Any CPU.Deploy.0 = Release|Any CPU
		{C3C17F37-6475-4273-9DE3-8FDA1B3AE8F1}.Release|iPhone.ActiveCfg = Release|Any CPU
		{C3C17F37-6475-4273-9DE3-8FDA1B3AE8F1}.Release|iPhone.Build.0 = Release|Any CPU
		{C3C17F37-6475-4273-9DE3-8FDA1B3AE8F1}.Release|iPhone.Deploy.0 = Release|Any CPU
		{C3C17F37-6475-4273-9DE3-8FDA1B3AE8F1}.Release|iPhoneSimulator.ActiveCfg = Release|Any CPU
		{C3C17F37-6475-4273-9DE3-8FDA1B3AE8F1}.Release|iPhoneSimulator.Build.0 = Release|Any CPU
		{C3C17F37-6475-4273-9DE3-8FDA1B3AE8F1}.Release|iPhoneSimulator.Deploy.0 = Release|Any CPU
		{F78FD5C2-F7A5-46EA-98C2-975450AED541}.Ad-Hoc|Any CPU.ActiveCfg = Ad-Hoc|iPhone
		{F78FD5C2-F7A5-46EA-98C2-975450AED541}.Ad-Hoc|Any CPU.Build.0 = Ad-Hoc|iPhone
		{F78FD5C2-F7A5-46EA-98C2-975450AED541}.Ad-Hoc|Any CPU.Deploy.0 = Ad-Hoc|iPhone
		{F78FD5C2-F7A5-46EA-98C2-975450AED541}.Ad-Hoc|iPhone.ActiveCfg = Ad-Hoc|iPhone
		{F78FD5C2-F7A5-46EA-98C2-975450AED541}.Ad-Hoc|iPhone.Build.0 = Ad-Hoc|iPhone
		{F78FD5C2-F7A5-46EA-98C2-975450AED541}.Ad-Hoc|iPhone.Deploy.0 = Ad-Hoc|iPhone
		{F78FD5C2-F7A5-46EA-98C2-975450AED541}.Ad-Hoc|iPhoneSimulator.ActiveCfg = Ad-Hoc|iPhoneSimulator
		{F78FD5C2-F7A5-46EA-98C2-975450AED541}.Ad-Hoc|iPhoneSimulator.Build.0 = Ad-Hoc|iPhoneSimulator
		{F78FD5C2-F7A5-46EA-98C2-975450AED541}.Ad-Hoc|iPhoneSimulator.Deploy.0 = Ad-Hoc|iPhoneSimulator
		{F78FD5C2-F7A5-46EA-98C2-975450AED541}.AppStore|Any CPU.ActiveCfg = AppStore|iPhone
		{F78FD5C2-F7A5-46EA-98C2-975450AED541}.AppStore|Any CPU.Build.0 = AppStore|iPhone
		{F78FD5C2-F7A5-46EA-98C2-975450AED541}.AppStore|Any CPU.Deploy.0 = AppStore|iPhone
		{F78FD5C2-F7A5-46EA-98C2-975450AED541}.AppStore|iPhone.ActiveCfg = AppStore|iPhone
		{F78FD5C2-F7A5-46EA-98C2-975450AED541}.AppStore|iPhone.Build.0 = AppStore|iPhone
		{F78FD5C2-F7A5-46EA-98C2-975450AED541}.AppStore|iPhone.Deploy.0 = AppStore|iPhone
		{F78FD5C2-F7A5-46EA-98C2-975450AED541}.AppStore|iPhoneSimulator.ActiveCfg = AppStore|iPhoneSimulator
		{F78FD5C2-F7A5-46EA-98C2-975450AED541}.AppStore|iPhoneSimulator.Build.0 = AppStore|iPhoneSimulator
		{F78FD5C2-F7A5-46EA-98C2-975450AED541}.AppStore|iPhoneSimulator.Deploy.0 = AppStore|iPhoneSimulator
		{F78FD5C2-F7A5-46EA-98C2-975450AED541}.Debug|Any CPU.ActiveCfg = Debug|iPhoneSimulator
		{F78FD5C2-F7A5-46EA-98C2-975450AED541}.Debug|Any CPU.Build.0 = Debug|iPhoneSimulator
		{F78FD5C2-F7A5-46EA-98C2-975450AED541}.Debug|Any CPU.Deploy.0 = Debug|iPhoneSimulator
		{F78FD5C2-F7A5-46EA-98C2-975450AED541}.Debug|iPhone.ActiveCfg = Debug|iPhone
		{F78FD5C2-F7A5-46EA-98C2-975450AED541}.Debug|iPhone.Build.0 = Debug|iPhone
		{F78FD5C2-F7A5-46EA-98C2-975450AED541}.Debug|iPhone.Deploy.0 = Debug|iPhone
		{F78FD5C2-F7A5-46EA-98C2-975450AED541}.Debug|iPhoneSimulator.ActiveCfg = Debug|iPhoneSimulator
		{F78FD5C2-F7A5-46EA-98C2-975450AED541}.Debug|iPhoneSimulator.Build.0 = Debug|iPhoneSimulator
		{F78FD5C2-F7A5-46EA-98C2-975450AED541}.Debug|iPhoneSimulator.Deploy.0 = Debug|iPhoneSimulator
		{F78FD5C2-F7A5-46EA-98C2-975450AED541}.Release|Any CPU.ActiveCfg = Release|iPhone
		{F78FD5C2-F7A5-46EA-98C2-975450AED541}.Release|Any CPU.Build.0 = Release|iPhone
		{F78FD5C2-F7A5-46EA-98C2-975450AED541}.Release|Any CPU.Deploy.0 = Release|iPhone
		{F78FD5C2-F7A5-46EA-98C2-975450AED541}.Release|iPhone.ActiveCfg = Release|iPhone
		{F78FD5C2-F7A5-46EA-98C2-975450AED541}.Release|iPhone.Build.0 = Release|iPhone
		{F78FD5C2-F7A5-46EA-98C2-975450AED541}.Release|iPhone.Deploy.0 = Release|iPhone
		{F78FD5C2-F7A5-46EA-98C2-975450AED541}.Release|iPhoneSimulator.ActiveCfg = Release|iPhoneSimulator
		{F78FD5C2-F7A5-46EA-98C2-975450AED541}.Release|iPhoneSimulator.Build.0 = Release|iPhoneSimulator
		{F78FD5C2-F7A5-46EA-98C2-975450AED541}.Release|iPhoneSimulator.Deploy.0 = Release|iPhoneSimulator
		{80E0B158-558B-4F6D-BFF5-95EC98F451BE}.Ad-Hoc|Any CPU.ActiveCfg = Debug|Any CPU
		{80E0B158-558B-4F6D-BFF5-95EC98F451BE}.Ad-Hoc|Any CPU.Build.0 = Debug|Any CPU
		{80E0B158-558B-4F6D-BFF5-95EC98F451BE}.Ad-Hoc|Any CPU.Deploy.0 = Debug|Any CPU
		{80E0B158-558B-4F6D-BFF5-95EC98F451BE}.Ad-Hoc|iPhone.ActiveCfg = Debug|Any CPU
		{80E0B158-558B-4F6D-BFF5-95EC98F451BE}.Ad-Hoc|iPhone.Build.0 = Debug|Any CPU
		{80E0B158-558B-4F6D-BFF5-95EC98F451BE}.Ad-Hoc|iPhone.Deploy.0 = Debug|Any CPU
		{80E0B158-558B-4F6D-BFF5-95EC98F451BE}.Ad-Hoc|iPhoneSimulator.ActiveCfg = Debug|Any CPU
		{80E0B158-558B-4F6D-BFF5-95EC98F451BE}.Ad-Hoc|iPhoneSimulator.Build.0 = Debug|Any CPU
		{80E0B158-558B-4F6D-BFF5-95EC98F451BE}.Ad-Hoc|iPhoneSimulator.Deploy.0 = Debug|Any CPU
		{80E0B158-558B-4F6D-BFF5-95EC98F451BE}.AppStore|Any CPU.ActiveCfg = Debug|Any CPU
		{80E0B158-558B-4F6D-BFF5-95EC98F451BE}.AppStore|Any CPU.Build.0 = Debug|Any CPU
		{80E0B158-558B-4F6D-BFF5-95EC98F451BE}.AppStore|Any CPU.Deploy.0 = Debug|Any CPU
		{80E0B158-558B-4F6D-BFF5-95EC98F451BE}.AppStore|iPhone.ActiveCfg = Debug|Any CPU
		{80E0B158-558B-4F6D-BFF5-95EC98F451BE}.AppStore|iPhone.Build.0 = Debug|Any CPU
		{80E0B158-558B-4F6D-BFF5-95EC98F451BE}.AppStore|iPhone.Deploy.0 = Debug|Any CPU
		{80E0B158-558B-4F6D-BFF5-95EC98F451BE}.AppStore|iPhoneSimulator.ActiveCfg = Debug|Any CPU
		{80E0B158-558B-4F6D-BFF5-95EC98F451BE}.AppStore|iPhoneSimulator.Build.0 = Debug|Any CPU
		{80E0B158-558B-4F6D-BFF5-95EC98F451BE}.AppStore|iPhoneSimulator.Deploy.0 = Debug|Any CPU
		{80E0B158-558B-4F6D-BFF5-95EC98F451BE}.Debug|Any CPU.ActiveCfg = Debug|Any CPU
		{80E0B158-558B-4F6D-BFF5-95EC98F451BE}.Debug|Any CPU.Build.0 = Debug|Any CPU
		{80E0B158-558B-4F6D-BFF5-95EC98F451BE}.Debug|Any CPU.Deploy.0 = Debug|Any CPU
		{80E0B158-558B-4F6D-BFF5-95EC98F451BE}.Debug|iPhone.ActiveCfg = Debug|Any CPU
		{80E0B158-558B-4F6D-BFF5-95EC98F451BE}.Debug|iPhone.Build.0 = Debug|Any CPU
		{80E0B158-558B-4F6D-BFF5-95EC98F451BE}.Debug|iPhone.Deploy.0 = Debug|Any CPU
		{80E0B158-558B-4F6D-BFF5-95EC98F451BE}.Debug|iPhoneSimulator.ActiveCfg = Debug|Any CPU
		{80E0B158-558B-4F6D-BFF5-95EC98F451BE}.Debug|iPhoneSimulator.Build.0 = Debug|Any CPU
		{80E0B158-558B-4F6D-BFF5-95EC98F451BE}.Debug|iPhoneSimulator.Deploy.0 = Debug|Any CPU
		{80E0B158-558B-4F6D-BFF5-95EC98F451BE}.Release|Any CPU.ActiveCfg = Release|Any CPU
		{80E0B158-558B-4F6D-BFF5-95EC98F451BE}.Release|Any CPU.Build.0 = Release|Any CPU
		{80E0B158-558B-4F6D-BFF5-95EC98F451BE}.Release|Any CPU.Deploy.0 = Release|Any CPU
		{80E0B158-558B-4F6D-BFF5-95EC98F451BE}.Release|iPhone.ActiveCfg = Release|Any CPU
		{80E0B158-558B-4F6D-BFF5-95EC98F451BE}.Release|iPhone.Build.0 = Release|Any CPU
		{80E0B158-558B-4F6D-BFF5-95EC98F451BE}.Release|iPhone.Deploy.0 = Release|Any CPU
		{80E0B158-558B-4F6D-BFF5-95EC98F451BE}.Release|iPhoneSimulator.ActiveCfg = Release|Any CPU
		{80E0B158-558B-4F6D-BFF5-95EC98F451BE}.Release|iPhoneSimulator.Build.0 = Release|Any CPU
		{80E0B158-558B-4F6D-BFF5-95EC98F451BE}.Release|iPhoneSimulator.Deploy.0 = Release|Any CPU
	EndGlobalSection
	GlobalSection(SolutionProperties) = preSolution
		HideSolutionNode = FALSE
	EndGlobalSection
	GlobalSection(ExtensibilityGlobals) = postSolution
		SolutionGuid = {E9D81D00-B634-493C-A41D-379C66BF1D5B}
	EndGlobalSection
EndGlobal
